// !$*UTF8*$!
{
	archiveVersion = 1;
	classes = {
	};
	objectVersion = 55;
	objects = {

/* Begin PBXBuildFile section */
		B4CE16F028A380A7003CF293 /* MVPCore.h in Headers */ = {isa = PBXBuildFile; fileRef = B4CE16EF28A380A7003CF293 /* MVPCore.h */; settings = {ATTRIBUTES = (Public, ); }; };
		B4CE170328A38253003CF293 /* BaseNetwork.swift in Sources */ = {isa = PBXBuildFile; fileRef = B4CE170228A38253003CF293 /* BaseNetwork.swift */; };
		B4CE174028A3844A003CF293 /* MoyaPublisher.swift in Sources */ = {isa = PBXBuildFile; fileRef = B4CE173E28A3844A003CF293 /* MoyaPublisher.swift */; };
		B4CE174128A3844A003CF293 /* Cancellable.swift in Sources */ = {isa = PBXBuildFile; fileRef = B4CE173F28A3844A003CF293 /* Cancellable.swift */; };
		B4CE174D28A386AB003CF293 /* MoyaProvider+Combine.swift in Sources */ = {isa = PBXBuildFile; fileRef = B4CE174C28A386AB003CF293 /* MoyaProvider+Combine.swift */; };
		B4CE175128A389B0003CF293 /* AnyPublisher+Response.swift in Sources */ = {isa = PBXBuildFile; fileRef = B4CE175028A389B0003CF293 /* AnyPublisher+Response.swift */; };
/* End PBXBuildFile section */

/* Begin PBXFileReference section */
		B4CE16EC28A380A7003CF293 /* MVPCore.framework */ = {isa = PBXFileReference; explicitFileType = wrapper.framework; includeInIndex = 0; path = MVPCore.framework; sourceTree = BUILT_PRODUCTS_DIR; };
		B4CE16EF28A380A7003CF293 /* MVPCore.h */ = {isa = PBXFileReference; lastKnownFileType = sourcecode.c.h; path = MVPCore.h; sourceTree = "<group>"; };
		B4CE170228A38253003CF293 /* BaseNetwork.swift */ = {isa = PBXFileReference; fileEncoding = 4; lastKnownFileType = sourcecode.swift; path = BaseNetwork.swift; sourceTree = "<group>"; };
		B4CE173E28A3844A003CF293 /* MoyaPublisher.swift */ = {isa = PBXFileReference; fileEncoding = 4; lastKnownFileType = sourcecode.swift; path = MoyaPublisher.swift; sourceTree = "<group>"; };
		B4CE173F28A3844A003CF293 /* Cancellable.swift */ = {isa = PBXFileReference; fileEncoding = 4; lastKnownFileType = sourcecode.swift; path = Cancellable.swift; sourceTree = "<group>"; };
		B4CE174C28A386AB003CF293 /* MoyaProvider+Combine.swift */ = {isa = PBXFileReference; lastKnownFileType = sourcecode.swift; path = "MoyaProvider+Combine.swift"; sourceTree = "<group>"; };
		B4CE175028A389B0003CF293 /* AnyPublisher+Response.swift */ = {isa = PBXFileReference; lastKnownFileType = sourcecode.swift; path = "AnyPublisher+Response.swift"; sourceTree = "<group>"; };
/* End PBXFileReference section */

/* Begin PBXFrameworksBuildPhase section */
		B4CE16E928A380A7003CF293 /* Frameworks */ = {
			isa = PBXFrameworksBuildPhase;
			buildActionMask = 2147483647;
			files = (
			);
			runOnlyForDeploymentPostprocessing = 0;
		};
/* End PBXFrameworksBuildPhase section */

/* Begin PBXGroup section */
		B4CE16E228A380A7003CF293 = {
			isa = PBXGroup;
			children = (
				B4CE16EE28A380A7003CF293 /* MVPCore */,
				B4CE16ED28A380A7003CF293 /* Products */,
			);
			sourceTree = "<group>";
		};
		B4CE16ED28A380A7003CF293 /* Products */ = {
			isa = PBXGroup;
			children = (
				B4CE16EC28A380A7003CF293 /* MVPCore.framework */,
			);
			name = Products;
			sourceTree = "<group>";
		};
		B4CE16EE28A380A7003CF293 /* MVPCore */ = {
			isa = PBXGroup;
			children = (
				B4CE16FC28A380E3003CF293 /* Common */,
				B4CE174928A3857F003CF293 /* Extensions */,
				B4CE16FD28A38106003CF293 /* Infrastructure */,
				B4CE16EF28A380A7003CF293 /* MVPCore.h */,
			);
			path = MVPCore;
			sourceTree = "<group>";
		};
		B4CE16FC28A380E3003CF293 /* Common */ = {
			isa = PBXGroup;
			children = (
				B4CE173E28A3844A003CF293 /* MoyaPublisher.swift */,
				B4CE173F28A3844A003CF293 /* Cancellable.swift */,
			);
			path = Common;
			sourceTree = "<group>";
		};
		B4CE16FD28A38106003CF293 /* Infrastructure */ = {
			isa = PBXGroup;
			children = (
				B4CE16FE28A3812D003CF293 /* Network */,
			);
			path = Infrastructure;
			sourceTree = "<group>";
		};
		B4CE16FE28A3812D003CF293 /* Network */ = {
			isa = PBXGroup;
			children = (
				B4CE170228A38253003CF293 /* BaseNetwork.swift */,
			);
			path = Network;
			sourceTree = "<group>";
		};
		B4CE174928A3857F003CF293 /* Extensions */ = {
			isa = PBXGroup;
			children = (
				B4CE174C28A386AB003CF293 /* MoyaProvider+Combine.swift */,
				B4CE175028A389B0003CF293 /* AnyPublisher+Response.swift */,
			);
			path = Extensions;
			sourceTree = "<group>";
		};
/* End PBXGroup section */

/* Begin PBXHeadersBuildPhase section */
		B4CE16E728A380A7003CF293 /* Headers */ = {
			isa = PBXHeadersBuildPhase;
			buildActionMask = 2147483647;
			files = (
				B4CE16F028A380A7003CF293 /* MVPCore.h in Headers */,
			);
			runOnlyForDeploymentPostprocessing = 0;
		};
/* End PBXHeadersBuildPhase section */

/* Begin PBXNativeTarget section */
		B4CE16EB28A380A7003CF293 /* MVPCore */ = {
			isa = PBXNativeTarget;
			buildConfigurationList = B4CE16F328A380A7003CF293 /* Build configuration list for PBXNativeTarget "MVPCore" */;
			buildPhases = (
				B4CE16E728A380A7003CF293 /* Headers */,
				B4CE16E828A380A7003CF293 /* Sources */,
				B4CE16E928A380A7003CF293 /* Frameworks */,
				B4CE16EA28A380A7003CF293 /* Resources */,
			);
			buildRules = (
			);
			dependencies = (
			);
			name = MVPCore;
			productName = MVPCore;
			productReference = B4CE16EC28A380A7003CF293 /* MVPCore.framework */;
			productType = "com.apple.product-type.framework";
		};
/* End PBXNativeTarget section */

/* Begin PBXProject section */
		B4CE16E328A380A7003CF293 /* Project object */ = {
			isa = PBXProject;
			attributes = {
				BuildIndependentTargetsInParallel = 1;
				LastUpgradeCheck = 1340;
				TargetAttributes = {
					B4CE16EB28A380A7003CF293 = {
						CreatedOnToolsVersion = 13.4.1;
					};
				};
			};
			buildConfigurationList = B4CE16E628A380A7003CF293 /* Build configuration list for PBXProject "MVPCore" */;
			compatibilityVersion = "Xcode 13.0";
			developmentRegion = en;
			hasScannedForEncodings = 0;
			knownRegions = (
				en,
				Base,
			);
			mainGroup = B4CE16E228A380A7003CF293;
			productRefGroup = B4CE16ED28A380A7003CF293 /* Products */;
			projectDirPath = "";
			projectRoot = "";
			targets = (
				B4CE16EB28A380A7003CF293 /* MVPCore */,
			);
		};
/* End PBXProject section */

/* Begin PBXResourcesBuildPhase section */
		B4CE16EA28A380A7003CF293 /* Resources */ = {
			isa = PBXResourcesBuildPhase;
			buildActionMask = 2147483647;
			files = (
			);
			runOnlyForDeploymentPostprocessing = 0;
		};
/* End PBXResourcesBuildPhase section */

/* Begin PBXSourcesBuildPhase section */
		B4CE16E828A380A7003CF293 /* Sources */ = {
			isa = PBXSourcesBuildPhase;
			buildActionMask = 2147483647;
			files = (
				B4CE174128A3844A003CF293 /* Cancellable.swift in Sources */,
				B4CE175128A389B0003CF293 /* AnyPublisher+Response.swift in Sources */,
				B4CE174028A3844A003CF293 /* MoyaPublisher.swift in Sources */,
				B4CE174D28A386AB003CF293 /* MoyaProvider+Combine.swift in Sources */,
				B4CE170328A38253003CF293 /* BaseNetwork.swift in Sources */,
			);
			runOnlyForDeploymentPostprocessing = 0;
		};
/* End PBXSourcesBuildPhase section */

/* Begin XCBuildConfiguration section */
		B4CE16F128A380A7003CF293 /* Debug */ = {
			isa = XCBuildConfiguration;
			buildSettings = {
				ALWAYS_SEARCH_USER_PATHS = NO;
				CLANG_ANALYZER_NONNULL = YES;
				CLANG_ANALYZER_NUMBER_OBJECT_CONVERSION = YES_AGGRESSIVE;
				CLANG_CXX_LANGUAGE_STANDARD = "gnu++17";
				CLANG_ENABLE_MODULES = YES;
				CLANG_ENABLE_OBJC_ARC = YES;
				CLANG_ENABLE_OBJC_WEAK = YES;
				CLANG_WARN_BLOCK_CAPTURE_AUTORELEASING = YES;
				CLANG_WARN_BOOL_CONVERSION = YES;
				CLANG_WARN_COMMA = YES;
				CLANG_WARN_CONSTANT_CONVERSION = YES;
				CLANG_WARN_DEPRECATED_OBJC_IMPLEMENTATIONS = YES;
				CLANG_WARN_DIRECT_OBJC_ISA_USAGE = YES_ERROR;
				CLANG_WARN_DOCUMENTATION_COMMENTS = YES;
				CLANG_WARN_EMPTY_BODY = YES;
				CLANG_WARN_ENUM_CONVERSION = YES;
				CLANG_WARN_INFINITE_RECURSION = YES;
				CLANG_WARN_INT_CONVERSION = YES;
				CLANG_WARN_NON_LITERAL_NULL_CONVERSION = YES;
				CLANG_WARN_OBJC_IMPLICIT_RETAIN_SELF = YES;
				CLANG_WARN_OBJC_LITERAL_CONVERSION = YES;
				CLANG_WARN_OBJC_ROOT_CLASS = YES_ERROR;
				CLANG_WARN_QUOTED_INCLUDE_IN_FRAMEWORK_HEADER = YES;
				CLANG_WARN_RANGE_LOOP_ANALYSIS = YES;
				CLANG_WARN_STRICT_PROTOTYPES = YES;
				CLANG_WARN_SUSPICIOUS_MOVE = YES;
				CLANG_WARN_UNGUARDED_AVAILABILITY = YES_AGGRESSIVE;
				CLANG_WARN_UNREACHABLE_CODE = YES;
				CLANG_WARN__DUPLICATE_METHOD_MATCH = YES;
				COPY_PHASE_STRIP = NO;
				CURRENT_PROJECT_VERSION = 1;
				DEBUG_INFORMATION_FORMAT = dwarf;
				ENABLE_STRICT_OBJC_MSGSEND = YES;
				ENABLE_TESTABILITY = YES;
				GCC_C_LANGUAGE_STANDARD = gnu11;
				GCC_DYNAMIC_NO_PIC = NO;
				GCC_NO_COMMON_BLOCKS = YES;
				GCC_OPTIMIZATION_LEVEL = 0;
				GCC_PREPROCESSOR_DEFINITIONS = (
					"DEBUG=1",
					"$(inherited)",
				);
				GCC_WARN_64_TO_32_BIT_CONVERSION = YES;
				GCC_WARN_ABOUT_RETURN_TYPE = YES_ERROR;
				GCC_WARN_UNDECLARED_SELECTOR = YES;
				GCC_WARN_UNINITIALIZED_AUTOS = YES_AGGRESSIVE;
				GCC_WARN_UNUSED_FUNCTION = YES;
				GCC_WARN_UNUSED_VARIABLE = YES;
				IPHONEOS_DEPLOYMENT_TARGET = 14.0;
				MTL_ENABLE_DEBUG_INFO = INCLUDE_SOURCE;
				MTL_FAST_MATH = YES;
				ONLY_ACTIVE_ARCH = YES;
				SDKROOT = iphoneos;
				SWIFT_ACTIVE_COMPILATION_CONDITIONS = DEBUG;
				SWIFT_OPTIMIZATION_LEVEL = "-Onone";
				VERSIONING_SYSTEM = "apple-generic";
				VERSION_INFO_PREFIX = "";
			};
			name = Debug;
		};
		B4CE16F228A380A7003CF293 /* Release */ = {
			isa = XCBuildConfiguration;
			buildSettings = {
				ALWAYS_SEARCH_USER_PATHS = NO;
				CLANG_ANALYZER_NONNULL = YES;
				CLANG_ANALYZER_NUMBER_OBJECT_CONVERSION = YES_AGGRESSIVE;
				CLANG_CXX_LANGUAGE_STANDARD = "gnu++17";
				CLANG_ENABLE_MODULES = YES;
				CLANG_ENABLE_OBJC_ARC = YES;
				CLANG_ENABLE_OBJC_WEAK = YES;
				CLANG_WARN_BLOCK_CAPTURE_AUTORELEASING = YES;
				CLANG_WARN_BOOL_CONVERSION = YES;
				CLANG_WARN_COMMA = YES;
				CLANG_WARN_CONSTANT_CONVERSION = YES;
				CLANG_WARN_DEPRECATED_OBJC_IMPLEMENTATIONS = YES;
				CLANG_WARN_DIRECT_OBJC_ISA_USAGE = YES_ERROR;
				CLANG_WARN_DOCUMENTATION_COMMENTS = YES;
				CLANG_WARN_EMPTY_BODY = YES;
				CLANG_WARN_ENUM_CONVERSION = YES;
				CLANG_WARN_INFINITE_RECURSION = YES;
				CLANG_WARN_INT_CONVERSION = YES;
				CLANG_WARN_NON_LITERAL_NULL_CONVERSION = YES;
				CLANG_WARN_OBJC_IMPLICIT_RETAIN_SELF = YES;
				CLANG_WARN_OBJC_LITERAL_CONVERSION = YES;
				CLANG_WARN_OBJC_ROOT_CLASS = YES_ERROR;
				CLANG_WARN_QUOTED_INCLUDE_IN_FRAMEWORK_HEADER = YES;
				CLANG_WARN_RANGE_LOOP_ANALYSIS = YES;
				CLANG_WARN_STRICT_PROTOTYPES = YES;
				CLANG_WARN_SUSPICIOUS_MOVE = YES;
				CLANG_WARN_UNGUARDED_AVAILABILITY = YES_AGGRESSIVE;
				CLANG_WARN_UNREACHABLE_CODE = YES;
				CLANG_WARN__DUPLICATE_METHOD_MATCH = YES;
				COPY_PHASE_STRIP = NO;
				CURRENT_PROJECT_VERSION = 1;
				DEBUG_INFORMATION_FORMAT = "dwarf-with-dsym";
				ENABLE_NS_ASSERTIONS = NO;
				ENABLE_STRICT_OBJC_MSGSEND = YES;
				GCC_C_LANGUAGE_STANDARD = gnu11;
				GCC_NO_COMMON_BLOCKS = YES;
				GCC_WARN_64_TO_32_BIT_CONVERSION = YES;
				GCC_WARN_ABOUT_RETURN_TYPE = YES_ERROR;
				GCC_WARN_UNDECLARED_SELECTOR = YES;
				GCC_WARN_UNINITIALIZED_AUTOS = YES_AGGRESSIVE;
				GCC_WARN_UNUSED_FUNCTION = YES;
				GCC_WARN_UNUSED_VARIABLE = YES;
				IPHONEOS_DEPLOYMENT_TARGET = 14.0;
				MTL_ENABLE_DEBUG_INFO = NO;
				MTL_FAST_MATH = YES;
				SDKROOT = iphoneos;
				SWIFT_COMPILATION_MODE = wholemodule;
				SWIFT_OPTIMIZATION_LEVEL = "-O";
				VALIDATE_PRODUCT = YES;
				VERSIONING_SYSTEM = "apple-generic";
				VERSION_INFO_PREFIX = "";
			};
			name = Release;
		};
		B4CE16F428A380A7003CF293 /* Debug */ = {
			isa = XCBuildConfiguration;
			buildSettings = {
				CODE_SIGN_STYLE = Automatic;
				CURRENT_PROJECT_VERSION = 1;
				DEFINES_MODULE = YES;
				DEVELOPMENT_TEAM = S2E7U5976R;
				DYLIB_COMPATIBILITY_VERSION = 1;
				DYLIB_CURRENT_VERSION = 1;
				DYLIB_INSTALL_NAME_BASE = "@rpath";
				GENERATE_INFOPLIST_FILE = YES;
				INFOPLIST_KEY_NSHumanReadableCopyright = "";
				INSTALL_PATH = "$(LOCAL_LIBRARY_DIR)/Frameworks";
				LD_RUNPATH_SEARCH_PATHS = (
					"$(inherited)",
					"@executable_path/Frameworks",
					"@loader_path/Frameworks",
				);
				MARKETING_VERSION = 1.0;
				PRODUCT_BUNDLE_IDENTIFIER = com.hellodw.MVPCore;
				PRODUCT_NAME = "$(TARGET_NAME:c99extidentifier)";
				SKIP_INSTALL = YES;
				SWIFT_EMIT_LOC_STRINGS = YES;
				SWIFT_VERSION = 5.0;
				TARGETED_DEVICE_FAMILY = "1,2";
			};
			name = Debug;
		};
		B4CE16F528A380A7003CF293 /* Release */ = {
			isa = XCBuildConfiguration;
			buildSettings = {
				CODE_SIGN_STYLE = Automatic;
				CURRENT_PROJECT_VERSION = 1;
				DEFINES_MODULE = YES;
				DEVELOPMENT_TEAM = S2E7U5976R;
				DYLIB_COMPATIBILITY_VERSION = 1;
				DYLIB_CURRENT_VERSION = 1;
				DYLIB_INSTALL_NAME_BASE = "@rpath";
				GENERATE_INFOPLIST_FILE = YES;
				INFOPLIST_KEY_NSHumanReadableCopyright = "";
				INSTALL_PATH = "$(LOCAL_LIBRARY_DIR)/Frameworks";
				LD_RUNPATH_SEARCH_PATHS = (
					"$(inherited)",
					"@executable_path/Frameworks",
					"@loader_path/Frameworks",
				);
				MARKETING_VERSION = 1.0;
				PRODUCT_BUNDLE_IDENTIFIER = com.hellodw.MVPCore;
				PRODUCT_NAME = "$(TARGET_NAME:c99extidentifier)";
				SKIP_INSTALL = YES;
				SWIFT_EMIT_LOC_STRINGS = YES;
				SWIFT_VERSION = 5.0;
				TARGETED_DEVICE_FAMILY = "1,2";
			};
			name = Release;
		};
/* End XCBuildConfiguration section */

/* Begin XCConfigurationList section */
		B4CE16E628A380A7003CF293 /* Build configuration list for PBXProject "MVPCore" */ = {
			isa = XCConfigurationList;
			buildConfigurations = (
				B4CE16F128A380A7003CF293 /* Debug */,
				B4CE16F228A380A7003CF293 /* Release */,
			);
			defaultConfigurationIsVisible = 0;
			defaultConfigurationName = Release;
		};
		B4CE16F328A380A7003CF293 /* Build configuration list for PBXNativeTarget "MVPCore" */ = {
			isa = XCConfigurationList;
			buildConfigurations = (
				B4CE16F428A380A7003CF293 /* Debug */,
				B4CE16F528A380A7003CF293 /* Release */,
			);
			defaultConfigurationIsVisible = 0;
			defaultConfigurationName = Release;
		};
/* End XCConfigurationList section */
	};
	rootObject = B4CE16E328A380A7003CF293 /* Project object */;
}
